
Microsoft Visual Studio Solution File, Format Version 12.00
# Visual Studio Version 16
VisualStudioVersion = 16.0.29519.181
MinimumVisualStudioVersion = 10.0.40219.1
Project("{9A19103F-16F7-4668-BE54-9A1E7A4F7556}") = "API", "API\API.csproj", "{CED3ECC2-6977-443D-B1BE-6BD834CEDB4F}"
EndProject
Project("{9A19103F-16F7-4668-BE54-9A1E7A4F7556}") = "Application", "Application\Application.csproj", "{800045CB-F1BF-458A-AE25-6DFA88D237CC}"
EndProject
Project("{9A19103F-16F7-4668-BE54-9A1E7A4F7556}") = "Domain", "Domain\Domain.csproj", "{011BD6D4-378E-4C01-B7AA-94470DFD5152}"
EndProject
Project("{9A19103F-16F7-4668-BE54-9A1E7A4F7556}") = "Infrastructure", "Infrastructure\Infrastructure.csproj", "{B83AC09F-0096-4A25-9A5A-A797F2942858}"
EndProject
Project("{9A19103F-16F7-4668-BE54-9A1E7A4F7556}") = "Persistence", "Persistence\Persistence.csproj", "{E681DA9E-FE68-44DB-8FD9-9CCBECA98B19}"
EndProject
Global
	GlobalSection(SolutionConfigurationPlatforms) = preSolution
		Debug|Any CPU = Debug|Any CPU
		Release|Any CPU = Release|Any CPU
	EndGlobalSection
	GlobalSection(ProjectConfigurationPlatforms) = postSolution
		{CED3ECC2-6977-443D-B1BE-6BD834CEDB4F}.Debug|Any CPU.ActiveCfg = Debug|Any CPU
		{CED3ECC2-6977-443D-B1BE-6BD834CEDB4F}.Debug|Any CPU.Build.0 = Debug|Any CPU
		{CED3ECC2-6977-443D-B1BE-6BD834CEDB4F}.Release|Any CPU.ActiveCfg = Release|Any CPU
		{CED3ECC2-6977-443D-B1BE-6BD834CEDB4F}.Release|Any CPU.Build.0 = Release|Any CPU
		{800045CB-F1BF-458A-AE25-6DFA88D237CC}.Debug|Any CPU.ActiveCfg = Debug|Any CPU
		{800045CB-F1BF-458A-AE25-6DFA88D237CC}.Debug|Any CPU.Build.0 = Debug|Any CPU
		{800045CB-F1BF-458A-AE25-6DFA88D237CC}.Release|Any CPU.ActiveCfg = Release|Any CPU
		{800045CB-F1BF-458A-AE25-6DFA88D237CC}.Release|Any CPU.Build.0 = Release|Any CPU
		{011BD6D4-378E-4C01-B7AA-94470DFD5152}.Debug|Any CPU.ActiveCfg = Debug|Any CPU
		{011BD6D4-378E-4C01-B7AA-94470DFD5152}.Debug|Any CPU.Build.0 = Debug|Any CPU
		{011BD6D4-378E-4C01-B7AA-94470DFD5152}.Release|Any CPU.ActiveCfg = Release|Any CPU
		{011BD6D4-378E-4C01-B7AA-94470DFD5152}.Release|Any CPU.Build.0 = Release|Any CPU
		{B83AC09F-0096-4A25-9A5A-A797F2942858}.Debug|Any CPU.ActiveCfg = Debug|Any CPU
		{B83AC09F-0096-4A25-9A5A-A797F2942858}.Debug|Any CPU.Build.0 = Debug|Any CPU
		{B83AC09F-0096-4A25-9A5A-A797F2942858}.Release|Any CPU.ActiveCfg = Release|Any CPU
		{B83AC09F-0096-4A25-9A5A-A797F2942858}.Release|Any CPU.Build.0 = Release|Any CPU
		{E681DA9E-FE68-44DB-8FD9-9CCBECA98B19}.Debug|Any CPU.ActiveCfg = Debug|Any CPU
		{E681DA9E-FE68-44DB-8FD9-9CCBECA98B19}.Debug|Any CPU.Build.0 = Debug|Any CPU
		{E681DA9E-FE68-44DB-8FD9-9CCBECA98B19}.Release|Any CPU.ActiveCfg = Release|Any CPU
		{E681DA9E-FE68-44DB-8FD9-9CCBECA98B19}.Release|Any CPU.Build.0 = Release|Any CPU
	EndGlobalSection
	GlobalSection(SolutionProperties) = preSolution
		HideSolutionNode = FALSE
	EndGlobalSection
	GlobalSection(ExtensibilityGlobals) = postSolution
		SolutionGuid = {7A83E5D7-51C9-4E1C-9160-F3F639255147}
	EndGlobalSection
EndGlobal
